
Microsoft Visual Studio Solution File, Format Version 12.00
# Visual Studio 15
VisualStudioVersion = 15.0.27428.2027
MinimumVisualStudioVersion = 10.0.40219.1
Project("{FAE04EC0-301F-11D3-BF4B-00C04F79EFBC}") = "Xwrap", "Xwrap\Xwrap.csproj", "{CD701EA5-513F-41B5-BD5A-9BB1D1A59BD9}"
EndProject
Project("{FAE04EC0-301F-11D3-BF4B-00C04F79EFBC}") = "Xwrap.Mvc", "Xwrap.Mvc\Xwrap.Mvc.csproj", "{0D100CA2-2E94-481F-A40B-283AB391FB4F}"
EndProject
Global
	GlobalSection(SolutionConfigurationPlatforms) = preSolution
		Debug|Any CPU = Debug|Any CPU
		Release|Any CPU = Release|Any CPU
	EndGlobalSection
	GlobalSection(ProjectConfigurationPlatforms) = postSolution
		{CD701EA5-513F-41B5-BD5A-9BB1D1A59BD9}.Debug|Any CPU.ActiveCfg = Debug|Any CPU
		{CD701EA5-513F-41B5-BD5A-9BB1D1A59BD9}.Debug|Any CPU.Build.0 = Debug|Any CPU
		{CD701EA5-513F-41B5-BD5A-9BB1D1A59BD9}.Release|Any CPU.ActiveCfg = Release|Any CPU
		{CD701EA5-513F-41B5-BD5A-9BB1D1A59BD9}.Release|Any CPU.Build.0 = Release|Any CPU
		{0D100CA2-2E94-481F-A40B-283AB391FB4F}.Debug|Any CPU.ActiveCfg = Debug|Any CPU
		{0D100CA2-2E94-481F-A40B-283AB391FB4F}.Debug|Any CPU.Build.0 = Debug|Any CPU
		{0D100CA2-2E94-481F-A40B-283AB391FB4F}.Release|Any CPU.ActiveCfg = Release|Any CPU
		{0D100CA2-2E94-481F-A40B-283AB391FB4F}.Release|Any CPU.Build.0 = Release|Any CPU
	EndGlobalSection
	GlobalSection(SolutionProperties) = preSolution
		HideSolutionNode = FALSE
	EndGlobalSection
	GlobalSection(ExtensibilityGlobals) = postSolution
		SolutionGuid = {FDBB8DC7-3D2D-469B-997E-E2844CEE4F06}
	EndGlobalSection
EndGlobal
